{
  "name": "hp-plugin-wordpress",
  "version": "0.0.3",
  "lockfileVersion": 3,
  "requires": true,
  "packages": {
    "": {
      "name": "hp-plugin-wordpress",
      "version": "0.0.3",
      "license": "MIT",
      "dependencies": {
        "@naba-network/hd-vue-gamecenter": "^5.0.4"
      },
      "devDependencies": {
        "husky": "~9.1.7"
      },
      "engines": {
        "node": ">=22 <25",
        "npm": ">=10 <12"
      }
    },
    "node_modules/@naba-network/hd-vue-gamecenter": {
      "version": "5.0.4",
      "resolved": "https://npm.pkg.github.com/download/@naba-network/hd-vue-gamecenter/5.0.4/2ec9f9f56c962e8fab16fab7e8086ced99d4e6c6",
      "integrity": "sha512-GRD1MeGtBkIlqH5f/I8CZ56ECyJ1vQS8TGVmNAgOGuooO3wlNoG32o+jtJDmNuIUMx51dDctuQDqepNFcwgL9A==",
      "license": "MIT",
      "engines": {
        "node": ">=22 <25",
        "npm": ">=10 <12"
      }
    },
    "node_modules/husky": {
      "version": "9.1.7",
      "resolved": "https://registry.npmjs.org/husky/-/husky-9.1.7.tgz",
      "integrity": "sha512-5gs5ytaNjBrh5Ow3zrvdUUY+0VxIuWVL4i9irt6friV+BqdCfmV11CQTWMiBYWHbXhco+J1kHfTOUkePhCDvMA==",
      "dev": true,
      "license": "MIT",
      "bin": {
        "husky": "bin.js"
      },
      "engines": {
        "node": ">=18"
      },
      "funding": {
        "url": "https://github.com/sponsors/typicode"
      }
    }
  }
}
