{
  "name": "hp-plugin-wordpress",
  "version": "0.0.1",
  "lockfileVersion": 3,
  "requires": true,
  "packages": {
    "": {
      "name": "hp-plugin-wordpress",
      "version": "0.0.1",
      "license": "MIT",
      "dependencies": {
        "@naba-network/hd-vue-gamecenter": "~5.0.1"
      },
      "engines": {
        "node": ">=22 <25",
        "npm": ">=10 <12"
      }
    },
    "node_modules/@naba-network/hd-vue-gamecenter": {
      "version": "5.0.1",
      "resolved": "https://npm.pkg.github.com/download/@naba-network/hd-vue-gamecenter/5.0.1/9cde5886616703177d7cb2734aa5fa021d0a20f3",
      "integrity": "sha512-X4tP8unKBz/At4cwBws9Ai2QmJy98yMt5Jh3oQ1F8LjkTQV8NBnFeFH5WYT1UycOq5/kJva+XFyHwDVqmdqDqQ==",
      "license": "MIT",
      "engines": {
        "node": ">=22 <25",
        "npm": ">=10 <12"
      }
    }
  }
}
