{
  "name": "hp-plugin-wordpress",
  "version": "0.0.1",
  "lockfileVersion": 3,
  "requires": true,
  "packages": {
    "": {
      "name": "hp-plugin-wordpress",
      "version": "0.0.1",
      "license": "MIT",
      "dependencies": {
        "@naba-network/hd-vue-gamecenter": "^5.0.2"
      },
      "engines": {
        "node": ">=22 <25",
        "npm": ">=10 <12"
      }
    },
    "node_modules/@naba-network/hd-vue-gamecenter": {
      "version": "5.0.2",
      "resolved": "https://npm.pkg.github.com/download/@naba-network/hd-vue-gamecenter/5.0.2/cb86727126ace859b70c1410bd5c131f7333eac2",
      "integrity": "sha512-18RYfCJ43LCiy4asYHwVz30DK8gw510y7y1rtpPc4wm4C26cmZezV/mIBqihTkdFh5sdzhbGcVtbf5yaTbe8sA==",
      "license": "MIT",
      "engines": {
        "node": ">=22 <25",
        "npm": ">=10 <12"
      }
    }
  }
}
